
Microsoft Visual Studio Solution File, Format Version 12.00
# Visual Studio Version 17
VisualStudioVersion = 17.0.32112.339
MinimumVisualStudioVersion = 10.0.40219.1
Project("{FAE04EC0-301F-11D3-BF4B-00C04F79EFBC}") = "WindowsFormsPeerPlace", "WindowsFormsPeerPlace\WindowsFormsPeerPlace.csproj", "{00E94BB8-9ADF-4404-8B93-9AEBD7209585}"
EndProject
Global
	GlobalSection(SolutionConfigurationPlatforms) = preSolution
		Debug|Any CPU = Debug|Any CPU
		Release|Any CPU = Release|Any CPU
	EndGlobalSection
	GlobalSection(ProjectConfigurationPlatforms) = postSolution
		{00E94BB8-9ADF-4404-8B93-9AEBD7209585}.Debug|Any CPU.ActiveCfg = Debug|Any CPU
		{00E94BB8-9ADF-4404-8B93-9AEBD7209585}.Debug|Any CPU.Build.0 = Debug|Any CPU
		{00E94BB8-9ADF-4404-8B93-9AEBD7209585}.Release|Any CPU.ActiveCfg = Release|Any CPU
		{00E94BB8-9ADF-4404-8B93-9AEBD7209585}.Release|Any CPU.Build.0 = Release|Any CPU
	EndGlobalSection
	GlobalSection(SolutionProperties) = preSolution
		HideSolutionNode = FALSE
	EndGlobalSection
	GlobalSection(ExtensibilityGlobals) = postSolution
		SolutionGuid = {18BCD32F-45D5-422C-9CD3-E32A4C43D142}
	EndGlobalSection
EndGlobal
